
Microsoft Visual Studio Solution File, Format Version 12.00
# Visual Studio Version 17
VisualStudioVersion = 17.14.37314.3
MinimumVisualStudioVersion = 10.0.40219.1
Project("{FAE04EC0-301F-11D3-BF4B-00C04F79EFBC}") = "TPC-GRUPO-2A", "TPC-GRUPO-2A\TPC-GRUPO-2A.csproj", "{031EFBDD-4B30-42AE-BA4F-271BF6D92E3D}"
EndProject
Project("{FAE04EC0-301F-11D3-BF4B-00C04F79EFBC}") = "dominio", "dominio\dominio.csproj", "{75C9C28E-83BA-4FD0-9952-201279111437}"
EndProject
Project("{FAE04EC0-301F-11D3-BF4B-00C04F79EFBC}") = "negocio", "negocio\negocio.csproj", "{949A8516-F60E-4642-85A4-83CD2CDCDFAF}"
EndProject
Global
	GlobalSection(SolutionConfigurationPlatforms) = preSolution
		Debug|Any CPU = Debug|Any CPU
		Release|Any CPU = Release|Any CPU
	EndGlobalSection
	GlobalSection(ProjectConfigurationPlatforms) = postSolution
		{031EFBDD-4B30-42AE-BA4F-271BF6D92E3D}.Debug|Any CPU.ActiveCfg = Debug|Any CPU
		{031EFBDD-4B30-42AE-BA4F-271BF6D92E3D}.Debug|Any CPU.Build.0 = Debug|Any CPU
		{031EFBDD-4B30-42AE-BA4F-271BF6D92E3D}.Release|Any CPU.ActiveCfg = Release|Any CPU
		{031EFBDD-4B30-42AE-BA4F-271BF6D92E3D}.Release|Any CPU.Build.0 = Release|Any CPU
		{75C9C28E-83BA-4FD0-9952-201279111437}.Debug|Any CPU.ActiveCfg = Debug|Any CPU
		{75C9C28E-83BA-4FD0-9952-201279111437}.Debug|Any CPU.Build.0 = Debug|Any CPU
		{75C9C28E-83BA-4FD0-9952-201279111437}.Release|Any CPU.ActiveCfg = Release|Any CPU
		{75C9C28E-83BA-4FD0-9952-201279111437}.Release|Any CPU.Build.0 = Release|Any CPU
		{949A8516-F60E-4642-85A4-83CD2CDCDFAF}.Debug|Any CPU.ActiveCfg = Debug|Any CPU
		{949A8516-F60E-4642-85A4-83CD2CDCDFAF}.Debug|Any CPU.Build.0 = Debug|Any CPU
		{949A8516-F60E-4642-85A4-83CD2CDCDFAF}.Release|Any CPU.ActiveCfg = Release|Any CPU
		{949A8516-F60E-4642-85A4-83CD2CDCDFAF}.Release|Any CPU.Build.0 = Release|Any CPU
	EndGlobalSection
	GlobalSection(SolutionProperties) = preSolution
		HideSolutionNode = FALSE
	EndGlobalSection
	GlobalSection(ExtensibilityGlobals) = postSolution
		SolutionGuid = {EEC95912-C86B-4A84-A029-C34DBB68C78F}
	EndGlobalSection
EndGlobal
